
Microsoft Visual Studio Solution File, Format Version 12.00
# Visual Studio 2012
Project("{FAE04EC0-301F-11D3-BF4B-00C04F79EFBC}") = "etp", "etp\etp.csproj", "{CD87689F-2D47-4526-AFBB-1576AFE47E74}"
EndProject
Project("{FAE04EC0-301F-11D3-BF4B-00C04F79EFBC}") = "etp.Droid", "Droid\etp.Droid.csproj", "{5F4C9759-2D66-49C9-9ED4-8C676A973189}"
EndProject
Project("{FAE04EC0-301F-11D3-BF4B-00C04F79EFBC}") = "etp.iOS", "iOS\etp.iOS.csproj", "{60BB66BA-19A2-43DC-B40D-D72CCE1E28C6}"
EndProject
Global
	GlobalSection(SolutionConfigurationPlatforms) = preSolution
		Debug|Any CPU = Debug|Any CPU
		Release|Any CPU = Release|Any CPU
		Debug|iPhoneSimulator = Debug|iPhoneSimulator
		Release|iPhone = Release|iPhone
		Release|iPhoneSimulator = Release|iPhoneSimulator
		Debug|iPhone = Debug|iPhone
	EndGlobalSection
	GlobalSection(ProjectConfigurationPlatforms) = postSolution
		{CD87689F-2D47-4526-AFBB-1576AFE47E74}.Debug|Any CPU.ActiveCfg = Debug|Any CPU
		{CD87689F-2D47-4526-AFBB-1576AFE47E74}.Debug|Any CPU.Build.0 = Debug|Any CPU
		{CD87689F-2D47-4526-AFBB-1576AFE47E74}.Release|Any CPU.ActiveCfg = Release|Any CPU
		{CD87689F-2D47-4526-AFBB-1576AFE47E74}.Release|Any CPU.Build.0 = Release|Any CPU
		{CD87689F-2D47-4526-AFBB-1576AFE47E74}.Debug|iPhoneSimulator.ActiveCfg = Debug|Any CPU
		{CD87689F-2D47-4526-AFBB-1576AFE47E74}.Debug|iPhoneSimulator.Build.0 = Debug|Any CPU
		{CD87689F-2D47-4526-AFBB-1576AFE47E74}.Release|iPhone.ActiveCfg = Release|Any CPU
		{CD87689F-2D47-4526-AFBB-1576AFE47E74}.Release|iPhone.Build.0 = Release|Any CPU
		{CD87689F-2D47-4526-AFBB-1576AFE47E74}.Release|iPhoneSimulator.ActiveCfg = Release|Any CPU
		{CD87689F-2D47-4526-AFBB-1576AFE47E74}.Release|iPhoneSimulator.Build.0 = Release|Any CPU
		{CD87689F-2D47-4526-AFBB-1576AFE47E74}.Debug|iPhone.ActiveCfg = Debug|Any CPU
		{CD87689F-2D47-4526-AFBB-1576AFE47E74}.Debug|iPhone.Build.0 = Debug|Any CPU
		{5F4C9759-2D66-49C9-9ED4-8C676A973189}.Debug|Any CPU.ActiveCfg = Debug|Any CPU
		{5F4C9759-2D66-49C9-9ED4-8C676A973189}.Debug|Any CPU.Build.0 = Debug|Any CPU
		{5F4C9759-2D66-49C9-9ED4-8C676A973189}.Release|Any CPU.ActiveCfg = Release|Any CPU
		{5F4C9759-2D66-49C9-9ED4-8C676A973189}.Release|Any CPU.Build.0 = Release|Any CPU
		{5F4C9759-2D66-49C9-9ED4-8C676A973189}.Debug|iPhoneSimulator.ActiveCfg = Debug|Any CPU
		{5F4C9759-2D66-49C9-9ED4-8C676A973189}.Debug|iPhoneSimulator.Build.0 = Debug|Any CPU
		{5F4C9759-2D66-49C9-9ED4-8C676A973189}.Release|iPhone.ActiveCfg = Release|Any CPU
		{5F4C9759-2D66-49C9-9ED4-8C676A973189}.Release|iPhone.Build.0 = Release|Any CPU
		{5F4C9759-2D66-49C9-9ED4-8C676A973189}.Release|iPhoneSimulator.ActiveCfg = Release|Any CPU
		{5F4C9759-2D66-49C9-9ED4-8C676A973189}.Release|iPhoneSimulator.Build.0 = Release|Any CPU
		{5F4C9759-2D66-49C9-9ED4-8C676A973189}.Debug|iPhone.ActiveCfg = Debug|Any CPU
		{5F4C9759-2D66-49C9-9ED4-8C676A973189}.Debug|iPhone.Build.0 = Debug|Any CPU
		{60BB66BA-19A2-43DC-B40D-D72CCE1E28C6}.Debug|Any CPU.ActiveCfg = Debug|iPhoneSimulator
		{60BB66BA-19A2-43DC-B40D-D72CCE1E28C6}.Debug|Any CPU.Build.0 = Debug|iPhoneSimulator
		{60BB66BA-19A2-43DC-B40D-D72CCE1E28C6}.Release|Any CPU.ActiveCfg = Release|iPhone
		{60BB66BA-19A2-43DC-B40D-D72CCE1E28C6}.Release|Any CPU.Build.0 = Release|iPhone
		{60BB66BA-19A2-43DC-B40D-D72CCE1E28C6}.Debug|iPhoneSimulator.ActiveCfg = Debug|iPhoneSimulator
		{60BB66BA-19A2-43DC-B40D-D72CCE1E28C6}.Debug|iPhoneSimulator.Build.0 = Debug|iPhoneSimulator
		{60BB66BA-19A2-43DC-B40D-D72CCE1E28C6}.Release|iPhone.ActiveCfg = Release|iPhone
		{60BB66BA-19A2-43DC-B40D-D72CCE1E28C6}.Release|iPhone.Build.0 = Release|iPhone
		{60BB66BA-19A2-43DC-B40D-D72CCE1E28C6}.Release|iPhoneSimulator.ActiveCfg = Release|iPhoneSimulator
		{60BB66BA-19A2-43DC-B40D-D72CCE1E28C6}.Release|iPhoneSimulator.Build.0 = Release|iPhoneSimulator
		{60BB66BA-19A2-43DC-B40D-D72CCE1E28C6}.Debug|iPhone.ActiveCfg = Debug|iPhone
		{60BB66BA-19A2-43DC-B40D-D72CCE1E28C6}.Debug|iPhone.Build.0 = Debug|iPhone
	EndGlobalSection
EndGlobal
