
Microsoft Visual Studio Solution File, Format Version 12.00
# Visual Studio 2012
Project("{D954291E-2A0B-460D-934E-DC6B0785DB48}") = "etp", "etp\etp.shproj", "{3B087FCD-86F8-4467-B332-57CD18269CBB}"
EndProject
Project("{FAE04EC0-301F-11D3-BF4B-00C04F79EFBC}") = "etp.Droid", "Droid\etp.Droid.csproj", "{D1B94A5A-FA69-46A9-B0DA-B39E37411CEF}"
EndProject
Project("{FAE04EC0-301F-11D3-BF4B-00C04F79EFBC}") = "etp.iOS", "iOS\etp.iOS.csproj", "{7D8AEE1F-AC28-43D8-9793-1974F7CB2F84}"
EndProject
Global
	GlobalSection(SolutionConfigurationPlatforms) = preSolution
		Debug|Any CPU = Debug|Any CPU
		Release|Any CPU = Release|Any CPU
		Debug|iPhoneSimulator = Debug|iPhoneSimulator
		Release|iPhone = Release|iPhone
		Release|iPhoneSimulator = Release|iPhoneSimulator
		Debug|iPhone = Debug|iPhone
	EndGlobalSection
	GlobalSection(ProjectConfigurationPlatforms) = postSolution
		{D1B94A5A-FA69-46A9-B0DA-B39E37411CEF}.Debug|Any CPU.ActiveCfg = Debug|Any CPU
		{D1B94A5A-FA69-46A9-B0DA-B39E37411CEF}.Debug|Any CPU.Build.0 = Debug|Any CPU
		{D1B94A5A-FA69-46A9-B0DA-B39E37411CEF}.Release|Any CPU.ActiveCfg = Release|Any CPU
		{D1B94A5A-FA69-46A9-B0DA-B39E37411CEF}.Release|Any CPU.Build.0 = Release|Any CPU
		{D1B94A5A-FA69-46A9-B0DA-B39E37411CEF}.Debug|iPhoneSimulator.ActiveCfg = Debug|Any CPU
		{D1B94A5A-FA69-46A9-B0DA-B39E37411CEF}.Debug|iPhoneSimulator.Build.0 = Debug|Any CPU
		{D1B94A5A-FA69-46A9-B0DA-B39E37411CEF}.Release|iPhone.ActiveCfg = Release|Any CPU
		{D1B94A5A-FA69-46A9-B0DA-B39E37411CEF}.Release|iPhone.Build.0 = Release|Any CPU
		{D1B94A5A-FA69-46A9-B0DA-B39E37411CEF}.Release|iPhoneSimulator.ActiveCfg = Release|Any CPU
		{D1B94A5A-FA69-46A9-B0DA-B39E37411CEF}.Release|iPhoneSimulator.Build.0 = Release|Any CPU
		{D1B94A5A-FA69-46A9-B0DA-B39E37411CEF}.Debug|iPhone.ActiveCfg = Debug|Any CPU
		{D1B94A5A-FA69-46A9-B0DA-B39E37411CEF}.Debug|iPhone.Build.0 = Debug|Any CPU
		{7D8AEE1F-AC28-43D8-9793-1974F7CB2F84}.Debug|Any CPU.ActiveCfg = Debug|iPhoneSimulator
		{7D8AEE1F-AC28-43D8-9793-1974F7CB2F84}.Debug|Any CPU.Build.0 = Debug|iPhoneSimulator
		{7D8AEE1F-AC28-43D8-9793-1974F7CB2F84}.Release|Any CPU.ActiveCfg = Release|iPhone
		{7D8AEE1F-AC28-43D8-9793-1974F7CB2F84}.Release|Any CPU.Build.0 = Release|iPhone
		{7D8AEE1F-AC28-43D8-9793-1974F7CB2F84}.Debug|iPhoneSimulator.ActiveCfg = Debug|iPhoneSimulator
		{7D8AEE1F-AC28-43D8-9793-1974F7CB2F84}.Debug|iPhoneSimulator.Build.0 = Debug|iPhoneSimulator
		{7D8AEE1F-AC28-43D8-9793-1974F7CB2F84}.Release|iPhone.ActiveCfg = Release|iPhone
		{7D8AEE1F-AC28-43D8-9793-1974F7CB2F84}.Release|iPhone.Build.0 = Release|iPhone
		{7D8AEE1F-AC28-43D8-9793-1974F7CB2F84}.Release|iPhoneSimulator.ActiveCfg = Release|iPhoneSimulator
		{7D8AEE1F-AC28-43D8-9793-1974F7CB2F84}.Release|iPhoneSimulator.Build.0 = Release|iPhoneSimulator
		{7D8AEE1F-AC28-43D8-9793-1974F7CB2F84}.Debug|iPhone.ActiveCfg = Debug|iPhone
		{7D8AEE1F-AC28-43D8-9793-1974F7CB2F84}.Debug|iPhone.Build.0 = Debug|iPhone
	EndGlobalSection
EndGlobal
