
Microsoft Visual Studio Solution File, Format Version 12.00
# Visual Studio 2012
Project("{FAE04EC0-301F-11D3-BF4B-00C04F79EFBC}") = "etp", "etp\etp.csproj", "{6D0657F9-21D5-4105-A93D-FD4392DE2349}"
EndProject
Project("{FAE04EC0-301F-11D3-BF4B-00C04F79EFBC}") = "etp.Droid", "Droid\etp.Droid.csproj", "{3D893E0D-448F-46AA-8392-0808CEC6BF79}"
EndProject
Project("{FAE04EC0-301F-11D3-BF4B-00C04F79EFBC}") = "etp.iOS", "iOS\etp.iOS.csproj", "{CA5AA65C-D4A3-46CF-AD22-458F247C7816}"
EndProject
Global
	GlobalSection(SolutionConfigurationPlatforms) = preSolution
		Debug|Any CPU = Debug|Any CPU
		Release|Any CPU = Release|Any CPU
		Debug|iPhoneSimulator = Debug|iPhoneSimulator
		Release|iPhone = Release|iPhone
		Release|iPhoneSimulator = Release|iPhoneSimulator
		Debug|iPhone = Debug|iPhone
	EndGlobalSection
	GlobalSection(ProjectConfigurationPlatforms) = postSolution
		{6D0657F9-21D5-4105-A93D-FD4392DE2349}.Debug|Any CPU.ActiveCfg = Debug|Any CPU
		{6D0657F9-21D5-4105-A93D-FD4392DE2349}.Debug|Any CPU.Build.0 = Debug|Any CPU
		{6D0657F9-21D5-4105-A93D-FD4392DE2349}.Release|Any CPU.ActiveCfg = Release|Any CPU
		{6D0657F9-21D5-4105-A93D-FD4392DE2349}.Release|Any CPU.Build.0 = Release|Any CPU
		{6D0657F9-21D5-4105-A93D-FD4392DE2349}.Debug|iPhoneSimulator.ActiveCfg = Debug|Any CPU
		{6D0657F9-21D5-4105-A93D-FD4392DE2349}.Debug|iPhoneSimulator.Build.0 = Debug|Any CPU
		{6D0657F9-21D5-4105-A93D-FD4392DE2349}.Release|iPhone.ActiveCfg = Release|Any CPU
		{6D0657F9-21D5-4105-A93D-FD4392DE2349}.Release|iPhone.Build.0 = Release|Any CPU
		{6D0657F9-21D5-4105-A93D-FD4392DE2349}.Release|iPhoneSimulator.ActiveCfg = Release|Any CPU
		{6D0657F9-21D5-4105-A93D-FD4392DE2349}.Release|iPhoneSimulator.Build.0 = Release|Any CPU
		{6D0657F9-21D5-4105-A93D-FD4392DE2349}.Debug|iPhone.ActiveCfg = Debug|Any CPU
		{6D0657F9-21D5-4105-A93D-FD4392DE2349}.Debug|iPhone.Build.0 = Debug|Any CPU
		{3D893E0D-448F-46AA-8392-0808CEC6BF79}.Debug|Any CPU.ActiveCfg = Debug|Any CPU
		{3D893E0D-448F-46AA-8392-0808CEC6BF79}.Debug|Any CPU.Build.0 = Debug|Any CPU
		{3D893E0D-448F-46AA-8392-0808CEC6BF79}.Release|Any CPU.ActiveCfg = Release|Any CPU
		{3D893E0D-448F-46AA-8392-0808CEC6BF79}.Release|Any CPU.Build.0 = Release|Any CPU
		{3D893E0D-448F-46AA-8392-0808CEC6BF79}.Debug|iPhoneSimulator.ActiveCfg = Debug|Any CPU
		{3D893E0D-448F-46AA-8392-0808CEC6BF79}.Debug|iPhoneSimulator.Build.0 = Debug|Any CPU
		{3D893E0D-448F-46AA-8392-0808CEC6BF79}.Release|iPhone.ActiveCfg = Release|Any CPU
		{3D893E0D-448F-46AA-8392-0808CEC6BF79}.Release|iPhone.Build.0 = Release|Any CPU
		{3D893E0D-448F-46AA-8392-0808CEC6BF79}.Release|iPhoneSimulator.ActiveCfg = Release|Any CPU
		{3D893E0D-448F-46AA-8392-0808CEC6BF79}.Release|iPhoneSimulator.Build.0 = Release|Any CPU
		{3D893E0D-448F-46AA-8392-0808CEC6BF79}.Debug|iPhone.ActiveCfg = Debug|Any CPU
		{3D893E0D-448F-46AA-8392-0808CEC6BF79}.Debug|iPhone.Build.0 = Debug|Any CPU
		{CA5AA65C-D4A3-46CF-AD22-458F247C7816}.Debug|Any CPU.ActiveCfg = Debug|iPhoneSimulator
		{CA5AA65C-D4A3-46CF-AD22-458F247C7816}.Debug|Any CPU.Build.0 = Debug|iPhoneSimulator
		{CA5AA65C-D4A3-46CF-AD22-458F247C7816}.Release|Any CPU.ActiveCfg = Release|iPhone
		{CA5AA65C-D4A3-46CF-AD22-458F247C7816}.Release|Any CPU.Build.0 = Release|iPhone
		{CA5AA65C-D4A3-46CF-AD22-458F247C7816}.Debug|iPhoneSimulator.ActiveCfg = Debug|iPhoneSimulator
		{CA5AA65C-D4A3-46CF-AD22-458F247C7816}.Debug|iPhoneSimulator.Build.0 = Debug|iPhoneSimulator
		{CA5AA65C-D4A3-46CF-AD22-458F247C7816}.Release|iPhone.ActiveCfg = Release|iPhone
		{CA5AA65C-D4A3-46CF-AD22-458F247C7816}.Release|iPhone.Build.0 = Release|iPhone
		{CA5AA65C-D4A3-46CF-AD22-458F247C7816}.Release|iPhoneSimulator.ActiveCfg = Release|iPhoneSimulator
		{CA5AA65C-D4A3-46CF-AD22-458F247C7816}.Release|iPhoneSimulator.Build.0 = Release|iPhoneSimulator
		{CA5AA65C-D4A3-46CF-AD22-458F247C7816}.Debug|iPhone.ActiveCfg = Debug|iPhone
		{CA5AA65C-D4A3-46CF-AD22-458F247C7816}.Debug|iPhone.Build.0 = Debug|iPhone
	EndGlobalSection
EndGlobal
